// !$*UTF8*$!
{
	archiveVersion = 1;
	classes = {
	};
	objectVersion = 46;
	objects = {

/* Begin PBXBuildFile section */
		1F41C34A1D33FE7700A4DB71 /* AppDelegate.swift in Sources */ = {isa = PBXBuildFile; fileRef = 1F41C3491D33FE7700A4DB71 /* AppDelegate.swift */; };
		1F41C34F1D33FE7700A4DB71 /* Main.storyboard in Resources */ = {isa = PBXBuildFile; fileRef = 1F41C34D1D33FE7700A4DB71 /* Main.storyboard */; };
		1F41C3511D33FE7700A4DB71 /* Assets.xcassets in Resources */ = {isa = PBXBuildFile; fileRef = 1F41C3501D33FE7700A4DB71 /* Assets.xcassets */; };
		1F41C3541D33FE7700A4DB71 /* LaunchScreen.storyboard in Resources */ = {isa = PBXBuildFile; fileRef = 1F41C3521D33FE7700A4DB71 /* LaunchScreen.storyboard */; };
		1F41C35C1D33FF5400A4DB71 /* CardViewController.swift in Sources */ = {isa = PBXBuildFile; fileRef = 1F41C35B1D33FF5400A4DB71 /* CardViewController.swift */; };
		1F41C35E1D34035400A4DB71 /* Card.swift in Sources */ = {isa = PBXBuildFile; fileRef = 1F41C35D1D34035400A4DB71 /* Card.swift */; };
		1F41C3611D34055D00A4DB71 /* CardController.swift in Sources */ = {isa = PBXBuildFile; fileRef = 1F41C3601D34055D00A4DB71 /* CardController.swift */; };
		1F41C3631D34098400A4DB71 /* NetworkController.swift in Sources */ = {isa = PBXBuildFile; fileRef = 1F41C3621D34098400A4DB71 /* NetworkController.swift */; };
		1F41C3671D341A3700A4DB71 /* ImageController.swift in Sources */ = {isa = PBXBuildFile; fileRef = 1F41C3661D341A3700A4DB71 /* ImageController.swift */; };
		1F8EE1571D3442F500605C03 /* Representative.swift in Sources */ = {isa = PBXBuildFile; fileRef = 1F8EE1561D3442F500605C03 /* Representative.swift */; };
		1F8EE1591D34442800605C03 /* RepresentativeController.swift in Sources */ = {isa = PBXBuildFile; fileRef = 1F8EE1581D34442800605C03 /* RepresentativeController.swift */; };
		1F8EE15B1D3444F200605C03 /* RepresentativeViewController.swift in Sources */ = {isa = PBXBuildFile; fileRef = 1F8EE15A1D3444F200605C03 /* RepresentativeViewController.swift */; };
/* End PBXBuildFile section */

/* Begin PBXFileReference section */
		1F41C3461D33FE7700A4DB71 /* DeckOfOneCard.app */ = {isa = PBXFileReference; explicitFileType = wrapper.application; includeInIndex = 0; path = DeckOfOneCard.app; sourceTree = BUILT_PRODUCTS_DIR; };
		1F41C3491D33FE7700A4DB71 /* AppDelegate.swift */ = {isa = PBXFileReference; lastKnownFileType = sourcecode.swift; path = AppDelegate.swift; sourceTree = "<group>"; };
		1F41C34E1D33FE7700A4DB71 /* Base */ = {isa = PBXFileReference; lastKnownFileType = file.storyboard; name = Base; path = Base.lproj/Main.storyboard; sourceTree = "<group>"; };
		1F41C3501D33FE7700A4DB71 /* Assets.xcassets */ = {isa = PBXFileReference; lastKnownFileType = folder.assetcatalog; path = Assets.xcassets; sourceTree = "<group>"; };
		1F41C3531D33FE7700A4DB71 /* Base */ = {isa = PBXFileReference; lastKnownFileType = file.storyboard; name = Base; path = Base.lproj/LaunchScreen.storyboard; sourceTree = "<group>"; };
		1F41C3551D33FE7700A4DB71 /* Info.plist */ = {isa = PBXFileReference; lastKnownFileType = text.plist.xml; path = Info.plist; sourceTree = "<group>"; };
		1F41C35B1D33FF5400A4DB71 /* CardViewController.swift */ = {isa = PBXFileReference; fileEncoding = 4; lastKnownFileType = sourcecode.swift; path = CardViewController.swift; sourceTree = "<group>"; };
		1F41C35D1D34035400A4DB71 /* Card.swift */ = {isa = PBXFileReference; fileEncoding = 4; lastKnownFileType = sourcecode.swift; path = Card.swift; sourceTree = "<group>"; };
		1F41C3601D34055D00A4DB71 /* CardController.swift */ = {isa = PBXFileReference; fileEncoding = 4; lastKnownFileType = sourcecode.swift; path = CardController.swift; sourceTree = "<group>"; };
		1F41C3621D34098400A4DB71 /* NetworkController.swift */ = {isa = PBXFileReference; fileEncoding = 4; lastKnownFileType = sourcecode.swift; path = NetworkController.swift; sourceTree = "<group>"; };
		1F41C3661D341A3700A4DB71 /* ImageController.swift */ = {isa = PBXFileReference; fileEncoding = 4; lastKnownFileType = sourcecode.swift; path = ImageController.swift; sourceTree = "<group>"; };
		1F8EE1561D3442F500605C03 /* Representative.swift */ = {isa = PBXFileReference; fileEncoding = 4; lastKnownFileType = sourcecode.swift; path = Representative.swift; sourceTree = "<group>"; };
		1F8EE1581D34442800605C03 /* RepresentativeController.swift */ = {isa = PBXFileReference; fileEncoding = 4; lastKnownFileType = sourcecode.swift; path = RepresentativeController.swift; sourceTree = "<group>"; };
		1F8EE15A1D3444F200605C03 /* RepresentativeViewController.swift */ = {isa = PBXFileReference; fileEncoding = 4; lastKnownFileType = sourcecode.swift; path = RepresentativeViewController.swift; sourceTree = "<group>"; };
/* End PBXFileReference section */

/* Begin PBXFrameworksBuildPhase section */
		1F41C3431D33FE7700A4DB71 /* Frameworks */ = {
			isa = PBXFrameworksBuildPhase;
			buildActionMask = 2147483647;
			files = (
			);
			runOnlyForDeploymentPostprocessing = 0;
		};
/* End PBXFrameworksBuildPhase section */

/* Begin PBXGroup section */
		1F41C33D1D33FE7700A4DB71 = {
			isa = PBXGroup;
			children = (
				1F41C3481D33FE7700A4DB71 /* DeckOfOneCard */,
				1F41C3471D33FE7700A4DB71 /* Products */,
			);
			sourceTree = "<group>";
		};
		1F41C3471D33FE7700A4DB71 /* Products */ = {
			isa = PBXGroup;
			children = (
				1F41C3461D33FE7700A4DB71 /* DeckOfOneCard.app */,
			);
			name = Products;
			sourceTree = "<group>";
		};
		1F41C3481D33FE7700A4DB71 /* DeckOfOneCard */ = {
			isa = PBXGroup;
			children = (
				1F41C3491D33FE7700A4DB71 /* AppDelegate.swift */,
				1F41C35F1D34035900A4DB71 /* Model */,
				1F41C3641D340F6000A4DB71 /* ModelController */,
				1F41C3651D3411A700A4DB71 /* ViewController */,
				1F41C34D1D33FE7700A4DB71 /* Main.storyboard */,
				1F41C3501D33FE7700A4DB71 /* Assets.xcassets */,
				1F41C3521D33FE7700A4DB71 /* LaunchScreen.storyboard */,
				1F41C3551D33FE7700A4DB71 /* Info.plist */,
			);
			path = DeckOfOneCard;
			sourceTree = "<group>";
		};
		1F41C35F1D34035900A4DB71 /* Model */ = {
			isa = PBXGroup;
			children = (
				1F41C35D1D34035400A4DB71 /* Card.swift */,
				1F8EE1561D3442F500605C03 /* Representative.swift */,
			);
			name = Model;
			sourceTree = "<group>";
		};
		1F41C3641D340F6000A4DB71 /* ModelController */ = {
			isa = PBXGroup;
			children = (
				1F41C3621D34098400A4DB71 /* NetworkController.swift */,
				1F41C3601D34055D00A4DB71 /* CardController.swift */,
				1F41C3661D341A3700A4DB71 /* ImageController.swift */,
				1F8EE1581D34442800605C03 /* RepresentativeController.swift */,
			);
			name = ModelController;
			sourceTree = "<group>";
		};
		1F41C3651D3411A700A4DB71 /* ViewController */ = {
			isa = PBXGroup;
			children = (
				1F41C35B1D33FF5400A4DB71 /* CardViewController.swift */,
				1F8EE15A1D3444F200605C03 /* RepresentativeViewController.swift */,
			);
			name = ViewController;
			sourceTree = "<group>";
		};
/* End PBXGroup section */

/* Begin PBXNativeTarget section */
		1F41C3451D33FE7700A4DB71 /* DeckOfOneCard */ = {
			isa = PBXNativeTarget;
			buildConfigurationList = 1F41C3581D33FE7700A4DB71 /* Build configuration list for PBXNativeTarget "DeckOfOneCard" */;
			buildPhases = (
				1F41C3421D33FE7700A4DB71 /* Sources */,
				1F41C3431D33FE7700A4DB71 /* Frameworks */,
				1F41C3441D33FE7700A4DB71 /* Resources */,
			);
			buildRules = (
			);
			dependencies = (
			);
			name = DeckOfOneCard;
			productName = DeckOfOneCard;
			productReference = 1F41C3461D33FE7700A4DB71 /* DeckOfOneCard.app */;
			productType = "com.apple.product-type.application";
		};
/* End PBXNativeTarget section */

/* Begin PBXProject section */
		1F41C33E1D33FE7700A4DB71 /* Project object */ = {
			isa = PBXProject;
			attributes = {
				LastSwiftUpdateCheck = 0730;
				LastUpgradeCheck = 0730;
				ORGANIZATIONNAME = JCN;
				TargetAttributes = {
					1F41C3451D33FE7700A4DB71 = {
						CreatedOnToolsVersion = 7.3.1;
					};
				};
			};
			buildConfigurationList = 1F41C3411D33FE7700A4DB71 /* Build configuration list for PBXProject "DeckOfOneCard" */;
			compatibilityVersion = "Xcode 3.2";
			developmentRegion = English;
			hasScannedForEncodings = 0;
			knownRegions = (
				en,
				Base,
			);
			mainGroup = 1F41C33D1D33FE7700A4DB71;
			productRefGroup = 1F41C3471D33FE7700A4DB71 /* Products */;
			projectDirPath = "";
			projectRoot = "";
			targets = (
				1F41C3451D33FE7700A4DB71 /* DeckOfOneCard */,
			);
		};
/* End PBXProject section */

/* Begin PBXResourcesBuildPhase section */
		1F41C3441D33FE7700A4DB71 /* Resources */ = {
			isa = PBXResourcesBuildPhase;
			buildActionMask = 2147483647;
			files = (
				1F41C3541D33FE7700A4DB71 /* LaunchScreen.storyboard in Resources */,
				1F41C3511D33FE7700A4DB71 /* Assets.xcassets in Resources */,
				1F41C34F1D33FE7700A4DB71 /* Main.storyboard in Resources */,
			);
			runOnlyForDeploymentPostprocessing = 0;
		};
/* End PBXResourcesBuildPhase section */

/* Begin PBXSourcesBuildPhase section */
		1F41C3421D33FE7700A4DB71 /* Sources */ = {
			isa = PBXSourcesBuildPhase;
			buildActionMask = 2147483647;
			files = (
				1F8EE15B1D3444F200605C03 /* RepresentativeViewController.swift in Sources */,
				1F41C3631D34098400A4DB71 /* NetworkController.swift in Sources */,
				1F41C35C1D33FF5400A4DB71 /* CardViewController.swift in Sources */,
				1F41C3611D34055D00A4DB71 /* CardController.swift in Sources */,
				1F8EE1571D3442F500605C03 /* Representative.swift in Sources */,
				1F41C35E1D34035400A4DB71 /* Card.swift in Sources */,
				1F41C34A1D33FE7700A4DB71 /* AppDelegate.swift in Sources */,
				1F8EE1591D34442800605C03 /* RepresentativeController.swift in Sources */,
				1F41C3671D341A3700A4DB71 /* ImageController.swift in Sources */,
			);
			runOnlyForDeploymentPostprocessing = 0;
		};
/* End PBXSourcesBuildPhase section */

/* Begin PBXVariantGroup section */
		1F41C34D1D33FE7700A4DB71 /* Main.storyboard */ = {
			isa = PBXVariantGroup;
			children = (
				1F41C34E1D33FE7700A4DB71 /* Base */,
			);
			name = Main.storyboard;
			sourceTree = "<group>";
		};
		1F41C3521D33FE7700A4DB71 /* LaunchScreen.storyboard */ = {
			isa = PBXVariantGroup;
			children = (
				1F41C3531D33FE7700A4DB71 /* Base */,
			);
			name = LaunchScreen.storyboard;
			sourceTree = "<group>";
		};
/* End PBXVariantGroup section */

/* Begin XCBuildConfiguration section */
		1F41C3561D33FE7700A4DB71 /* Debug */ = {
			isa = XCBuildConfiguration;
			buildSettings = {
				ALWAYS_SEARCH_USER_PATHS = NO;
				CLANG_ANALYZER_NONNULL = YES;
				CLANG_CXX_LANGUAGE_STANDARD = "gnu++0x";
				CLANG_CXX_LIBRARY = "libc++";
				CLANG_ENABLE_MODULES = YES;
				CLANG_ENABLE_OBJC_ARC = YES;
				CLANG_WARN_BOOL_CONVERSION = YES;
				CLANG_WARN_CONSTANT_CONVERSION = YES;
				CLANG_WARN_DIRECT_OBJC_ISA_USAGE = YES_ERROR;
				CLANG_WARN_EMPTY_BODY = YES;
				CLANG_WARN_ENUM_CONVERSION = YES;
				CLANG_WARN_INT_CONVERSION = YES;
				CLANG_WARN_OBJC_ROOT_CLASS = YES_ERROR;
				CLANG_WARN_UNREACHABLE_CODE = YES;
				CLANG_WARN__DUPLICATE_METHOD_MATCH = YES;
				"CODE_SIGN_IDENTITY[sdk=iphoneos*]" = "iPhone Developer";
				COPY_PHASE_STRIP = NO;
				DEBUG_INFORMATION_FORMAT = dwarf;
				ENABLE_STRICT_OBJC_MSGSEND = YES;
				ENABLE_TESTABILITY = YES;
				GCC_C_LANGUAGE_STANDARD = gnu99;
				GCC_DYNAMIC_NO_PIC = NO;
				GCC_NO_COMMON_BLOCKS = YES;
				GCC_OPTIMIZATION_LEVEL = 0;
				GCC_PREPROCESSOR_DEFINITIONS = (
					"DEBUG=1",
					"$(inherited)",
				);
				GCC_WARN_64_TO_32_BIT_CONVERSION = YES;
				GCC_WARN_ABOUT_RETURN_TYPE = YES_ERROR;
				GCC_WARN_UNDECLARED_SELECTOR = YES;
				GCC_WARN_UNINITIALIZED_AUTOS = YES_AGGRESSIVE;
				GCC_WARN_UNUSED_FUNCTION = YES;
				GCC_WARN_UNUSED_VARIABLE = YES;
				IPHONEOS_DEPLOYMENT_TARGET = 9.3;
				MTL_ENABLE_DEBUG_INFO = YES;
				ONLY_ACTIVE_ARCH = YES;
				SDKROOT = iphoneos;
				SWIFT_OPTIMIZATION_LEVEL = "-Onone";
				TARGETED_DEVICE_FAMILY = "1,2";
			};
			name = Debug;
		};
		1F41C3571D33FE7700A4DB71 /* Release */ = {
			isa = XCBuildConfiguration;
			buildSettings = {
				ALWAYS_SEARCH_USER_PATHS = NO;
				CLANG_ANALYZER_NONNULL = YES;
				CLANG_CXX_LANGUAGE_STANDARD = "gnu++0x";
				CLANG_CXX_LIBRARY = "libc++";
				CLANG_ENABLE_MODULES = YES;
				CLANG_ENABLE_OBJC_ARC = YES;
				CLANG_WARN_BOOL_CONVERSION = YES;
				CLANG_WARN_CONSTANT_CONVERSION = YES;
				CLANG_WARN_DIRECT_OBJC_ISA_USAGE = YES_ERROR;
				CLANG_WARN_EMPTY_BODY = YES;
				CLANG_WARN_ENUM_CONVERSION = YES;
				CLANG_WARN_INT_CONVERSION = YES;
				CLANG_WARN_OBJC_ROOT_CLASS = YES_ERROR;
				CLANG_WARN_UNREACHABLE_CODE = YES;
				CLANG_WARN__DUPLICATE_METHOD_MATCH = YES;
				"CODE_SIGN_IDENTITY[sdk=iphoneos*]" = "iPhone Developer";
				COPY_PHASE_STRIP = NO;
				DEBUG_INFORMATION_FORMAT = "dwarf-with-dsym";
				ENABLE_NS_ASSERTIONS = NO;
				ENABLE_STRICT_OBJC_MSGSEND = YES;
				GCC_C_LANGUAGE_STANDARD = gnu99;
				GCC_NO_COMMON_BLOCKS = YES;
				GCC_WARN_64_TO_32_BIT_CONVERSION = YES;
				GCC_WARN_ABOUT_RETURN_TYPE = YES_ERROR;
				GCC_WARN_UNDECLARED_SELECTOR = YES;
				GCC_WARN_UNINITIALIZED_AUTOS = YES_AGGRESSIVE;
				GCC_WARN_UNUSED_FUNCTION = YES;
				GCC_WARN_UNUSED_VARIABLE = YES;
				IPHONEOS_DEPLOYMENT_TARGET = 9.3;
				MTL_ENABLE_DEBUG_INFO = NO;
				SDKROOT = iphoneos;
				TARGETED_DEVICE_FAMILY = "1,2";
				VALIDATE_PRODUCT = YES;
			};
			name = Release;
		};
		1F41C3591D33FE7700A4DB71 /* Debug */ = {
			isa = XCBuildConfiguration;
			buildSettings = {
				ASSETCATALOG_COMPILER_APPICON_NAME = AppIcon;
				INFOPLIST_FILE = DeckOfOneCard/Info.plist;
				LD_RUNPATH_SEARCH_PATHS = "$(inherited) @executable_path/Frameworks";
				PRODUCT_BUNDLE_IDENTIFIER = com.jcn.DeckOfOneCard;
				PRODUCT_NAME = "$(TARGET_NAME)";
			};
			name = Debug;
		};
		1F41C35A1D33FE7700A4DB71 /* Release */ = {
			isa = XCBuildConfiguration;
			buildSettings = {
				ASSETCATALOG_COMPILER_APPICON_NAME = AppIcon;
				INFOPLIST_FILE = DeckOfOneCard/Info.plist;
				LD_RUNPATH_SEARCH_PATHS = "$(inherited) @executable_path/Frameworks";
				PRODUCT_BUNDLE_IDENTIFIER = com.jcn.DeckOfOneCard;
				PRODUCT_NAME = "$(TARGET_NAME)";
			};
			name = Release;
		};
/* End XCBuildConfiguration section */

/* Begin XCConfigurationList section */
		1F41C3411D33FE7700A4DB71 /* Build configuration list for PBXProject "DeckOfOneCard" */ = {
			isa = XCConfigurationList;
			buildConfigurations = (
				1F41C3561D33FE7700A4DB71 /* Debug */,
				1F41C3571D33FE7700A4DB71 /* Release */,
			);
			defaultConfigurationIsVisible = 0;
			defaultConfigurationName = Release;
		};
		1F41C3581D33FE7700A4DB71 /* Build configuration list for PBXNativeTarget "DeckOfOneCard" */ = {
			isa = XCConfigurationList;
			buildConfigurations = (
				1F41C3591D33FE7700A4DB71 /* Debug */,
				1F41C35A1D33FE7700A4DB71 /* Release */,
			);
			defaultConfigurationIsVisible = 0;
			defaultConfigurationName = Release;
		};
/* End XCConfigurationList section */
	};
	rootObject = 1F41C33E1D33FE7700A4DB71 /* Project object */;
}
